
Microsoft Visual Studio Solution File, Format Version 12.00
# Visual Studio Version 17
VisualStudioVersion = 17.10.35004.147
MinimumVisualStudioVersion = 10.0.40219.1
Project("{FAE04EC0-301F-11D3-BF4B-00C04F79EFBC}") = "AnimalMatchingGame", "AnimalMatchingGame.csproj", "{11A0314A-02E1-4CCE-BFEC-D5F2D2E4E3CD}"
EndProject
Global
	GlobalSection(SolutionConfigurationPlatforms) = preSolution
		Debug|Any CPU = Debug|Any CPU
		Release|Any CPU = Release|Any CPU
	EndGlobalSection
	GlobalSection(ProjectConfigurationPlatforms) = postSolution
		{11A0314A-02E1-4CCE-BFEC-D5F2D2E4E3CD}.Debug|Any CPU.ActiveCfg = Debug|Any CPU
		{11A0314A-02E1-4CCE-BFEC-D5F2D2E4E3CD}.Debug|Any CPU.Build.0 = Debug|Any CPU
		{11A0314A-02E1-4CCE-BFEC-D5F2D2E4E3CD}.Debug|Any CPU.Deploy.0 = Debug|Any CPU
		{11A0314A-02E1-4CCE-BFEC-D5F2D2E4E3CD}.Release|Any CPU.ActiveCfg = Release|Any CPU
		{11A0314A-02E1-4CCE-BFEC-D5F2D2E4E3CD}.Release|Any CPU.Build.0 = Release|Any CPU
		{11A0314A-02E1-4CCE-BFEC-D5F2D2E4E3CD}.Release|Any CPU.Deploy.0 = Release|Any CPU
	EndGlobalSection
	GlobalSection(SolutionProperties) = preSolution
		HideSolutionNode = FALSE
	EndGlobalSection
	GlobalSection(ExtensibilityGlobals) = postSolution
		SolutionGuid = {20CAB081-83B7-4250-A54E-D1543DBB25C2}
	EndGlobalSection
EndGlobal
